// !$*UTF8*$!
{
	archiveVersion = 1;
	classes = {
	};
	objectVersion = 46;
	objects = {

/* Begin PBXBuildFile section */
		DA2FA09B14E17E9A00CC6CE9 /* Kerberos.framework in Frameworks */ = {isa = PBXBuildFile; fileRef = DA2FA09A14E17E9A00CC6CE9 /* Kerberos.framework */; };
		DA2FA09D14E17ED800CC6CE9 /* libssl.0.9.8.dylib in Frameworks */ = {isa = PBXBuildFile; fileRef = DA2FA09514E17AF000CC6CE9 /* libssl.0.9.8.dylib */; };
		DA2FA09F14E17EED00CC6CE9 /* libcrypto.0.9.8.dylib in Frameworks */ = {isa = PBXBuildFile; fileRef = DA2FA09E14E17EED00CC6CE9 /* libcrypto.0.9.8.dylib */; };
		DA2FA0A114E17F1400CC6CE9 /* LDAP.framework in Frameworks */ = {isa = PBXBuildFile; fileRef = DA2FA0A014E17F1400CC6CE9 /* LDAP.framework */; };
		DA2FA0AA14E191A200CC6CE9 /* libcrypto.0.9.8.dylib in Frameworks */ = {isa = PBXBuildFile; fileRef = DA2FA09E14E17EED00CC6CE9 /* libcrypto.0.9.8.dylib */; };
		DA2FA0AD14E191F500CC6CE9 /* libssl.0.9.8.dylib in Frameworks */ = {isa = PBXBuildFile; fileRef = DA2FA09514E17AF000CC6CE9 /* libssl.0.9.8.dylib */; };
		DA2FA0AE14E191FA00CC6CE9 /* Kerberos.framework in Frameworks */ = {isa = PBXBuildFile; fileRef = DA2FA09A14E17E9A00CC6CE9 /* Kerberos.framework */; };
		DA2FA0AF14E191FF00CC6CE9 /* LDAP.framework in Frameworks */ = {isa = PBXBuildFile; fileRef = DA2FA0A014E17F1400CC6CE9 /* LDAP.framework */; };
		DA2FA0B114E1920F00CC6CE9 /* Security.framework in Frameworks */ = {isa = PBXBuildFile; fileRef = DA2FA0B014E1920F00CC6CE9 /* Security.framework */; };
		DA2FA0BA14E1BC5B00CC6CE9 /* Foundation.framework in Frameworks */ = {isa = PBXBuildFile; fileRef = DA59972D14DC04C800BAEECE /* Foundation.framework */; };
		DA2FA0BB14E1BC6600CC6CE9 /* Foundation.framework in Frameworks */ = {isa = PBXBuildFile; fileRef = DA59972D14DC04C800BAEECE /* Foundation.framework */; };
		DA2FA0CA14E2057800CC6CE9 /* Cocoa.framework in Frameworks */ = {isa = PBXBuildFile; fileRef = DA59972814DC04C800BAEECE /* Cocoa.framework */; };
		DA33A43714E67D450015C53F /* SMKDBTypeConv_postgres.h in Headers */ = {isa = PBXBuildFile; fileRef = DA33A43514E67D450015C53F /* SMKDBTypeConv_postgres.h */; };
		DA33A43814E67D450015C53F /* SMKDBTypeConv_postgres.m in Sources */ = {isa = PBXBuildFile; fileRef = DA33A43614E67D450015C53F /* SMKDBTypeConv_postgres.m */; };
		DA34FAA114DE83350027B628 /* SMKDBConnMgr.h in Headers */ = {isa = PBXBuildFile; fileRef = DA34FA9F14DE83350027B628 /* SMKDBConnMgr.h */; settings = {ATTRIBUTES = (Public, ); }; };
		DA34FAA214DE83350027B628 /* SMKDBConnMgr.m in Sources */ = {isa = PBXBuildFile; fileRef = DA34FAA014DE83350027B628 /* SMKDBConnMgr.m */; };
		DA34FAA614DE83800027B628 /* SMKDBConn_postgres.h in Headers */ = {isa = PBXBuildFile; fileRef = DA34FAA414DE83800027B628 /* SMKDBConn_postgres.h */; };
		DA34FAA714DE83800027B628 /* SMKDBConn_postgres.m in Sources */ = {isa = PBXBuildFile; fileRef = DA34FAA514DE83800027B628 /* SMKDBConn_postgres.m */; };
		DA34FAAA14DE83970027B628 /* SMKDBConn_mysql.h in Headers */ = {isa = PBXBuildFile; fileRef = DA34FAA814DE83970027B628 /* SMKDBConn_mysql.h */; };
		DA34FAAB14DE83970027B628 /* SMKDBConn_mysql.m in Sources */ = {isa = PBXBuildFile; fileRef = DA34FAA914DE83970027B628 /* SMKDBConn_mysql.m */; };
		DA34FAAE14DE84530027B628 /* SMKDBResults_mysql.h in Headers */ = {isa = PBXBuildFile; fileRef = DA34FAAC14DE84530027B628 /* SMKDBResults_mysql.h */; };
		DA34FAAF14DE84530027B628 /* SMKDBResults_mysql.m in Sources */ = {isa = PBXBuildFile; fileRef = DA34FAAD14DE84530027B628 /* SMKDBResults_mysql.m */; };
		DA34FAB214DE84660027B628 /* SMKDBResults_postgres.h in Headers */ = {isa = PBXBuildFile; fileRef = DA34FAB014DE84660027B628 /* SMKDBResults_postgres.h */; };
		DA34FAB314DE84660027B628 /* SMKDBResults_postgres.m in Sources */ = {isa = PBXBuildFile; fileRef = DA34FAB114DE84660027B628 /* SMKDBResults_postgres.m */; };
		DA34FACB14DE99D20027B628 /* SMKDBException.h in Headers */ = {isa = PBXBuildFile; fileRef = DA34FAC914DE99D20027B628 /* SMKDBException.h */; settings = {ATTRIBUTES = (Public, ); }; };
		DA34FACC14DE99D20027B628 /* SMKDBException.m in Sources */ = {isa = PBXBuildFile; fileRef = DA34FACA14DE99D20027B628 /* SMKDBException.m */; };
		DA34FACE14DEA45F0027B628 /* SMKDBConnInfo.h in Headers */ = {isa = PBXBuildFile; fileRef = DA34FACD14DEA45F0027B628 /* SMKDBConnInfo.h */; settings = {ATTRIBUTES = (Public, ); }; };
		DA4784C714DFBF4200893259 /* TestDBInfo.m in Sources */ = {isa = PBXBuildFile; fileRef = DA4784C014DFBB9800893259 /* TestDBInfo.m */; };
		DA59973B14DC04C900BAEECE /* SenTestingKit.framework in Frameworks */ = {isa = PBXBuildFile; fileRef = DA59973A14DC04C900BAEECE /* SenTestingKit.framework */; };
		DA59973F14DC04C900BAEECE /* libSMKDB.a in Frameworks */ = {isa = PBXBuildFile; fileRef = DA59972514DC04C800BAEECE /* libSMKDB.a */; };
		DA59974514DC04C900BAEECE /* InfoPlist.strings in Resources */ = {isa = PBXBuildFile; fileRef = DA59974314DC04C900BAEECE /* InfoPlist.strings */; };
		DA59974814DC04C900BAEECE /* SMKDBTests.m in Sources */ = {isa = PBXBuildFile; fileRef = DA59974714DC04C900BAEECE /* SMKDBTests.m */; };
		DA59975914DC054100BAEECE /* SMKDB_priv.h in Headers */ = {isa = PBXBuildFile; fileRef = DA59975114DC054100BAEECE /* SMKDB_priv.h */; };
		DA59975A14DC054100BAEECE /* SMKDB.h in Headers */ = {isa = PBXBuildFile; fileRef = DA59975214DC054100BAEECE /* SMKDB.h */; settings = {ATTRIBUTES = (Public, ); }; };
		DA59975B14DC054100BAEECE /* SMKDBConn.h in Headers */ = {isa = PBXBuildFile; fileRef = DA59975314DC054100BAEECE /* SMKDBConn.h */; settings = {ATTRIBUTES = (Public, ); }; };
		DA59975F14DC054100BAEECE /* SMKDBResults.h in Headers */ = {isa = PBXBuildFile; fileRef = DA59975714DC054100BAEECE /* SMKDBResults.h */; settings = {ATTRIBUTES = (Public, ); }; };
		DA66B41E1532B09500AC8A49 /* libpq.dylib in Frameworks */ = {isa = PBXBuildFile; fileRef = DA66B41D1532B09500AC8A49 /* libpq.dylib */; };
		DA66B4211532B0BA00AC8A49 /* libmysqlclient.a in Frameworks */ = {isa = PBXBuildFile; fileRef = DA66B4201532B0BA00AC8A49 /* libmysqlclient.a */; };
		DA66B4231532B0DF00AC8A49 /* libSMKCommon.a in Frameworks */ = {isa = PBXBuildFile; fileRef = DA66B4221532B0DF00AC8A49 /* libSMKCommon.a */; };
		DA66B4261532B98C00AC8A49 /* SMKDBInterval.h in Headers */ = {isa = PBXBuildFile; fileRef = DA66B4241532B98C00AC8A49 /* SMKDBInterval.h */; settings = {ATTRIBUTES = (Public, ); }; };
		DA66B4271532B98C00AC8A49 /* SMKDBInterval.m in Sources */ = {isa = PBXBuildFile; fileRef = DA66B4251532B98C00AC8A49 /* SMKDBInterval.m */; };
		DA6DE63314E28C49009D120F /* SMKDBGatherer.h in Headers */ = {isa = PBXBuildFile; fileRef = DA6DE63114E28C49009D120F /* SMKDBGatherer.h */; settings = {ATTRIBUTES = (Public, ); }; };
		DA6DE63414E28C49009D120F /* SMKDBGatherer.m in Sources */ = {isa = PBXBuildFile; fileRef = DA6DE63214E28C49009D120F /* SMKDBGatherer.m */; };
		DAEC210014E97B1D00732376 /* SMKDBNull.h in Headers */ = {isa = PBXBuildFile; fileRef = DAEC20FE14E97B1D00732376 /* SMKDBNull.h */; settings = {ATTRIBUTES = (Public, ); }; };
		DAEC210114E97B1D00732376 /* SMKDBNull.m in Sources */ = {isa = PBXBuildFile; fileRef = DAEC20FF14E97B1D00732376 /* SMKDBNull.m */; };
/* End PBXBuildFile section */

/* Begin PBXContainerItemProxy section */
		DA59973D14DC04C900BAEECE /* PBXContainerItemProxy */ = {
			isa = PBXContainerItemProxy;
			containerPortal = DA59971C14DC04C800BAEECE /* Project object */;
			proxyType = 1;
			remoteGlobalIDString = DA59972414DC04C800BAEECE;
			remoteInfo = SMKDB;
		};
/* End PBXContainerItemProxy section */

/* Begin PBXFileReference section */
		DA2FA09514E17AF000CC6CE9 /* libssl.0.9.8.dylib */ = {isa = PBXFileReference; lastKnownFileType = "compiled.mach-o.dylib"; name = libssl.0.9.8.dylib; path = usr/lib/libssl.0.9.8.dylib; sourceTree = SDKROOT; };
		DA2FA09A14E17E9A00CC6CE9 /* Kerberos.framework */ = {isa = PBXFileReference; lastKnownFileType = wrapper.framework; name = Kerberos.framework; path = System/Library/Frameworks/Kerberos.framework; sourceTree = SDKROOT; };
		DA2FA09E14E17EED00CC6CE9 /* libcrypto.0.9.8.dylib */ = {isa = PBXFileReference; lastKnownFileType = "compiled.mach-o.dylib"; name = libcrypto.0.9.8.dylib; path = usr/lib/libcrypto.0.9.8.dylib; sourceTree = SDKROOT; };
		DA2FA0A014E17F1400CC6CE9 /* LDAP.framework */ = {isa = PBXFileReference; lastKnownFileType = wrapper.framework; name = LDAP.framework; path = /System/Library/Frameworks/LDAP.framework; sourceTree = "<absolute>"; };
		DA2FA0B014E1920F00CC6CE9 /* Security.framework */ = {isa = PBXFileReference; lastKnownFileType = wrapper.framework; name = Security.framework; path = System/Library/Frameworks/Security.framework; sourceTree = SDKROOT; };
		DA33A43514E67D450015C53F /* SMKDBTypeConv_postgres.h */ = {isa = PBXFileReference; fileEncoding = 4; lastKnownFileType = sourcecode.c.h; name = SMKDBTypeConv_postgres.h; path = SMKDB/SMKDBTypeConv_postgres.h; sourceTree = "<group>"; };
		DA33A43614E67D450015C53F /* SMKDBTypeConv_postgres.m */ = {isa = PBXFileReference; fileEncoding = 4; lastKnownFileType = sourcecode.c.objc; name = SMKDBTypeConv_postgres.m; path = SMKDB/SMKDBTypeConv_postgres.m; sourceTree = "<group>"; };
		DA34FA9F14DE83350027B628 /* SMKDBConnMgr.h */ = {isa = PBXFileReference; fileEncoding = 4; lastKnownFileType = sourcecode.c.h; path = SMKDBConnMgr.h; sourceTree = "<group>"; };
		DA34FAA014DE83350027B628 /* SMKDBConnMgr.m */ = {isa = PBXFileReference; fileEncoding = 4; lastKnownFileType = sourcecode.c.objc; path = SMKDBConnMgr.m; sourceTree = "<group>"; };
		DA34FAA414DE83800027B628 /* SMKDBConn_postgres.h */ = {isa = PBXFileReference; fileEncoding = 4; lastKnownFileType = sourcecode.c.h; name = SMKDBConn_postgres.h; path = SMKDB/SMKDBConn_postgres.h; sourceTree = "<group>"; };
		DA34FAA514DE83800027B628 /* SMKDBConn_postgres.m */ = {isa = PBXFileReference; fileEncoding = 4; lastKnownFileType = sourcecode.c.objc; name = SMKDBConn_postgres.m; path = SMKDB/SMKDBConn_postgres.m; sourceTree = "<group>"; };
		DA34FAA814DE83970027B628 /* SMKDBConn_mysql.h */ = {isa = PBXFileReference; fileEncoding = 4; lastKnownFileType = sourcecode.c.h; path = SMKDBConn_mysql.h; sourceTree = "<group>"; };
		DA34FAA914DE83970027B628 /* SMKDBConn_mysql.m */ = {isa = PBXFileReference; fileEncoding = 4; lastKnownFileType = sourcecode.c.objc; path = SMKDBConn_mysql.m; sourceTree = "<group>"; };
		DA34FAAC14DE84530027B628 /* SMKDBResults_mysql.h */ = {isa = PBXFileReference; fileEncoding = 4; lastKnownFileType = sourcecode.c.h; path = SMKDBResults_mysql.h; sourceTree = "<group>"; };
		DA34FAAD14DE84530027B628 /* SMKDBResults_mysql.m */ = {isa = PBXFileReference; fileEncoding = 4; lastKnownFileType = sourcecode.c.objc; path = SMKDBResults_mysql.m; sourceTree = "<group>"; };
		DA34FAB014DE84660027B628 /* SMKDBResults_postgres.h */ = {isa = PBXFileReference; fileEncoding = 4; lastKnownFileType = sourcecode.c.h; name = SMKDBResults_postgres.h; path = SMKDB/SMKDBResults_postgres.h; sourceTree = "<group>"; };
		DA34FAB114DE84660027B628 /* SMKDBResults_postgres.m */ = {isa = PBXFileReference; fileEncoding = 4; lastKnownFileType = sourcecode.c.objc; name = SMKDBResults_postgres.m; path = SMKDB/SMKDBResults_postgres.m; sourceTree = "<group>"; };
		DA34FAC914DE99D20027B628 /* SMKDBException.h */ = {isa = PBXFileReference; fileEncoding = 4; lastKnownFileType = sourcecode.c.h; path = SMKDBException.h; sourceTree = "<group>"; };
		DA34FACA14DE99D20027B628 /* SMKDBException.m */ = {isa = PBXFileReference; fileEncoding = 4; lastKnownFileType = sourcecode.c.objc; path = SMKDBException.m; sourceTree = "<group>"; };
		DA34FACD14DEA45F0027B628 /* SMKDBConnInfo.h */ = {isa = PBXFileReference; fileEncoding = 4; lastKnownFileType = sourcecode.c.h; path = SMKDBConnInfo.h; sourceTree = "<group>"; };
		DA4784BF14DFBB9800893259 /* TestDBInfo.h */ = {isa = PBXFileReference; fileEncoding = 4; lastKnownFileType = sourcecode.c.h; path = TestDBInfo.h; sourceTree = "<group>"; };
		DA4784C014DFBB9800893259 /* TestDBInfo.m */ = {isa = PBXFileReference; fileEncoding = 4; lastKnownFileType = sourcecode.c.objc; path = TestDBInfo.m; sourceTree = "<group>"; };
		DA4784C814DFC2C300893259 /* TestTableDDL.sql */ = {isa = PBXFileReference; fileEncoding = 4; lastKnownFileType = text; path = TestTableDDL.sql; sourceTree = "<group>"; };
		DA4784C914DFC34F00893259 /* AddTestRecs.pl */ = {isa = PBXFileReference; fileEncoding = 4; lastKnownFileType = text.script.perl; path = AddTestRecs.pl; sourceTree = "<group>"; };
		DA59972514DC04C800BAEECE /* libSMKDB.a */ = {isa = PBXFileReference; explicitFileType = archive.ar; includeInIndex = 0; path = libSMKDB.a; sourceTree = BUILT_PRODUCTS_DIR; };
		DA59972814DC04C800BAEECE /* Cocoa.framework */ = {isa = PBXFileReference; lastKnownFileType = wrapper.framework; name = Cocoa.framework; path = System/Library/Frameworks/Cocoa.framework; sourceTree = SDKROOT; };
		DA59972B14DC04C800BAEECE /* AppKit.framework */ = {isa = PBXFileReference; lastKnownFileType = wrapper.framework; name = AppKit.framework; path = System/Library/Frameworks/AppKit.framework; sourceTree = SDKROOT; };
		DA59972C14DC04C800BAEECE /* CoreData.framework */ = {isa = PBXFileReference; lastKnownFileType = wrapper.framework; name = CoreData.framework; path = System/Library/Frameworks/CoreData.framework; sourceTree = SDKROOT; };
		DA59972D14DC04C800BAEECE /* Foundation.framework */ = {isa = PBXFileReference; lastKnownFileType = wrapper.framework; name = Foundation.framework; path = System/Library/Frameworks/Foundation.framework; sourceTree = SDKROOT; };
		DA59973014DC04C900BAEECE /* SMKDB-Prefix.pch */ = {isa = PBXFileReference; lastKnownFileType = sourcecode.c.h; path = "SMKDB-Prefix.pch"; sourceTree = "<group>"; };
		DA59973914DC04C900BAEECE /* SMKDBTests.octest */ = {isa = PBXFileReference; explicitFileType = wrapper.cfbundle; includeInIndex = 0; path = SMKDBTests.octest; sourceTree = BUILT_PRODUCTS_DIR; };
		DA59973A14DC04C900BAEECE /* SenTestingKit.framework */ = {isa = PBXFileReference; lastKnownFileType = wrapper.framework; name = SenTestingKit.framework; path = Library/Frameworks/SenTestingKit.framework; sourceTree = DEVELOPER_DIR; };
		DA59974214DC04C900BAEECE /* SMKDBTests-Info.plist */ = {isa = PBXFileReference; lastKnownFileType = text.plist.xml; path = "SMKDBTests-Info.plist"; sourceTree = "<group>"; };
		DA59974414DC04C900BAEECE /* en */ = {isa = PBXFileReference; lastKnownFileType = text.plist.strings; name = en; path = en.lproj/InfoPlist.strings; sourceTree = "<group>"; };
		DA59974614DC04C900BAEECE /* SMKDBTests.h */ = {isa = PBXFileReference; lastKnownFileType = sourcecode.c.h; path = SMKDBTests.h; sourceTree = "<group>"; };
		DA59974714DC04C900BAEECE /* SMKDBTests.m */ = {isa = PBXFileReference; lastKnownFileType = sourcecode.c.objc; path = SMKDBTests.m; sourceTree = "<group>"; };
		DA59975114DC054100BAEECE /* SMKDB_priv.h */ = {isa = PBXFileReference; fileEncoding = 4; lastKnownFileType = sourcecode.c.h; path = SMKDB_priv.h; sourceTree = "<group>"; };
		DA59975214DC054100BAEECE /* SMKDB.h */ = {isa = PBXFileReference; fileEncoding = 4; lastKnownFileType = sourcecode.c.h; path = SMKDB.h; sourceTree = "<group>"; };
		DA59975314DC054100BAEECE /* SMKDBConn.h */ = {isa = PBXFileReference; fileEncoding = 4; lastKnownFileType = sourcecode.c.h; path = SMKDBConn.h; sourceTree = "<group>"; };
		DA59975714DC054100BAEECE /* SMKDBResults.h */ = {isa = PBXFileReference; fileEncoding = 4; lastKnownFileType = sourcecode.c.h; path = SMKDBResults.h; sourceTree = "<group>"; };
		DA66B41D1532B09500AC8A49 /* libpq.dylib */ = {isa = PBXFileReference; lastKnownFileType = "compiled.mach-o.dylib"; name = libpq.dylib; path = usr/lib/libpq.dylib; sourceTree = SDKROOT; };
		DA66B4201532B0BA00AC8A49 /* libmysqlclient.a */ = {isa = PBXFileReference; lastKnownFileType = archive.ar; name = libmysqlclient.a; path = ../../../../../../Support/lib/libmysqlclient.a; sourceTree = "<group>"; };
		DA66B4221532B0DF00AC8A49 /* libSMKCommon.a */ = {isa = PBXFileReference; lastKnownFileType = archive.ar; name = libSMKCommon.a; path = ../../../../../../Support/lib/libSMKCommon.a; sourceTree = "<group>"; };
		DA66B4241532B98C00AC8A49 /* SMKDBInterval.h */ = {isa = PBXFileReference; fileEncoding = 4; lastKnownFileType = sourcecode.c.h; path = SMKDBInterval.h; sourceTree = "<group>"; };
		DA66B4251532B98C00AC8A49 /* SMKDBInterval.m */ = {isa = PBXFileReference; fileEncoding = 4; lastKnownFileType = sourcecode.c.objc; path = SMKDBInterval.m; sourceTree = "<group>"; };
		DA6DE63114E28C49009D120F /* SMKDBGatherer.h */ = {isa = PBXFileReference; fileEncoding = 4; lastKnownFileType = sourcecode.c.h; path = SMKDBGatherer.h; sourceTree = "<group>"; };
		DA6DE63214E28C49009D120F /* SMKDBGatherer.m */ = {isa = PBXFileReference; fileEncoding = 4; lastKnownFileType = sourcecode.c.objc; path = SMKDBGatherer.m; sourceTree = "<group>"; };
		DAD38DC614E1356C00A7B581 /* TestTableDDL_postgres.sql */ = {isa = PBXFileReference; fileEncoding = 4; lastKnownFileType = text; path = TestTableDDL_postgres.sql; sourceTree = "<group>"; };
		DAE8522314E2691F0038BC2B /* TestTableDDL_mysql.sql */ = {isa = PBXFileReference; fileEncoding = 4; lastKnownFileType = text; path = TestTableDDL_mysql.sql; sourceTree = "<group>"; };
		DAEC20FE14E97B1D00732376 /* SMKDBNull.h */ = {isa = PBXFileReference; fileEncoding = 4; lastKnownFileType = sourcecode.c.h; path = SMKDBNull.h; sourceTree = "<group>"; };
		DAEC20FF14E97B1D00732376 /* SMKDBNull.m */ = {isa = PBXFileReference; fileEncoding = 4; lastKnownFileType = sourcecode.c.objc; path = SMKDBNull.m; sourceTree = "<group>"; };
/* End PBXFileReference section */

/* Begin PBXFrameworksBuildPhase section */
		DA59972214DC04C800BAEECE /* Frameworks */ = {
			isa = PBXFrameworksBuildPhase;
			buildActionMask = 2147483647;
			files = (
				DA2FA0AA14E191A200CC6CE9 /* libcrypto.0.9.8.dylib in Frameworks */,
				DA2FA0AD14E191F500CC6CE9 /* libssl.0.9.8.dylib in Frameworks */,
				DA2FA0AE14E191FA00CC6CE9 /* Kerberos.framework in Frameworks */,
				DA2FA0AF14E191FF00CC6CE9 /* LDAP.framework in Frameworks */,
				DA2FA0B114E1920F00CC6CE9 /* Security.framework in Frameworks */,
				DA2FA0BB14E1BC6600CC6CE9 /* Foundation.framework in Frameworks */,
			);
			runOnlyForDeploymentPostprocessing = 0;
		};
		DA59973514DC04C900BAEECE /* Frameworks */ = {
			isa = PBXFrameworksBuildPhase;
			buildActionMask = 2147483647;
			files = (
				DA66B4231532B0DF00AC8A49 /* libSMKCommon.a in Frameworks */,
				DA66B4211532B0BA00AC8A49 /* libmysqlclient.a in Frameworks */,
				DA66B41E1532B09500AC8A49 /* libpq.dylib in Frameworks */,
				DA59973F14DC04C900BAEECE /* libSMKDB.a in Frameworks */,
				DA2FA09D14E17ED800CC6CE9 /* libssl.0.9.8.dylib in Frameworks */,
				DA2FA09F14E17EED00CC6CE9 /* libcrypto.0.9.8.dylib in Frameworks */,
				DA2FA09B14E17E9A00CC6CE9 /* Kerberos.framework in Frameworks */,
				DA2FA0A114E17F1400CC6CE9 /* LDAP.framework in Frameworks */,
				DA59973B14DC04C900BAEECE /* SenTestingKit.framework in Frameworks */,
				DA2FA0CA14E2057800CC6CE9 /* Cocoa.framework in Frameworks */,
				DA2FA0BA14E1BC5B00CC6CE9 /* Foundation.framework in Frameworks */,
			);
			runOnlyForDeploymentPostprocessing = 0;
		};
/* End PBXFrameworksBuildPhase section */

/* Begin PBXGroup section */
		DA34FAB414DE84780027B628 /* MySql */ = {
			isa = PBXGroup;
			children = (
				DA34FAA814DE83970027B628 /* SMKDBConn_mysql.h */,
				DA34FAA914DE83970027B628 /* SMKDBConn_mysql.m */,
				DA34FAAC14DE84530027B628 /* SMKDBResults_mysql.h */,
				DA34FAAD14DE84530027B628 /* SMKDBResults_mysql.m */,
			);
			name = MySql;
			sourceTree = "<group>";
		};
		DA34FAB514DE84A90027B628 /* Posgress */ = {
			isa = PBXGroup;
			children = (
				DA34FAA414DE83800027B628 /* SMKDBConn_postgres.h */,
				DA34FAA514DE83800027B628 /* SMKDBConn_postgres.m */,
				DA34FAB014DE84660027B628 /* SMKDBResults_postgres.h */,
				DA34FAB114DE84660027B628 /* SMKDBResults_postgres.m */,
				DA33A43514E67D450015C53F /* SMKDBTypeConv_postgres.h */,
				DA33A43614E67D450015C53F /* SMKDBTypeConv_postgres.m */,
			);
			name = Posgress;
			path = ..;
			sourceTree = "<group>";
		};
		DA34FABC14DE870C0027B628 /* SqlLite */ = {
			isa = PBXGroup;
			children = (
			);
			name = SqlLite;
			path = ..;
			sourceTree = "<group>";
		};
		DA59971A14DC04C800BAEECE = {
			isa = PBXGroup;
			children = (
				DA66B4221532B0DF00AC8A49 /* libSMKCommon.a */,
				DA66B4201532B0BA00AC8A49 /* libmysqlclient.a */,
				DA66B41D1532B09500AC8A49 /* libpq.dylib */,
				DA59972E14DC04C900BAEECE /* SMKDB */,
				DA59974014DC04C900BAEECE /* SMKDBTests */,
				DA59972714DC04C800BAEECE /* Frameworks */,
				DA59972614DC04C800BAEECE /* Products */,
			);
			sourceTree = "<group>";
		};
		DA59972614DC04C800BAEECE /* Products */ = {
			isa = PBXGroup;
			children = (
				DA59972514DC04C800BAEECE /* libSMKDB.a */,
				DA59973914DC04C900BAEECE /* SMKDBTests.octest */,
			);
			name = Products;
			sourceTree = "<group>";
		};
		DA59972714DC04C800BAEECE /* Frameworks */ = {
			isa = PBXGroup;
			children = (
				DA2FA09E14E17EED00CC6CE9 /* libcrypto.0.9.8.dylib */,
				DA2FA09514E17AF000CC6CE9 /* libssl.0.9.8.dylib */,
				DA2FA0B014E1920F00CC6CE9 /* Security.framework */,
				DA2FA09A14E17E9A00CC6CE9 /* Kerberos.framework */,
				DA2FA0A014E17F1400CC6CE9 /* LDAP.framework */,
				DA59972814DC04C800BAEECE /* Cocoa.framework */,
				DA59973A14DC04C900BAEECE /* SenTestingKit.framework */,
				DA59972A14DC04C800BAEECE /* Other Frameworks */,
			);
			name = Frameworks;
			sourceTree = "<group>";
		};
		DA59972A14DC04C800BAEECE /* Other Frameworks */ = {
			isa = PBXGroup;
			children = (
				DA59972B14DC04C800BAEECE /* AppKit.framework */,
				DA59972C14DC04C800BAEECE /* CoreData.framework */,
				DA59972D14DC04C800BAEECE /* Foundation.framework */,
			);
			name = "Other Frameworks";
			sourceTree = "<group>";
		};
		DA59972E14DC04C900BAEECE /* SMKDB */ = {
			isa = PBXGroup;
			children = (
				DA59976314DC08F100BAEECE /* Public Headers */,
				DA59975114DC054100BAEECE /* SMKDB_priv.h */,
				DA34FAA014DE83350027B628 /* SMKDBConnMgr.m */,
				DA34FACA14DE99D20027B628 /* SMKDBException.m */,
				DA66B4251532B98C00AC8A49 /* SMKDBInterval.m */,
				DAEC20FF14E97B1D00732376 /* SMKDBNull.m */,
				DA6DE63214E28C49009D120F /* SMKDBGatherer.m */,
				DA34FABC14DE870C0027B628 /* SqlLite */,
				DA34FAB514DE84A90027B628 /* Posgress */,
				DA34FAB414DE84780027B628 /* MySql */,
				DA59972F14DC04C900BAEECE /* Supporting Files */,
			);
			path = SMKDB;
			sourceTree = "<group>";
		};
		DA59972F14DC04C900BAEECE /* Supporting Files */ = {
			isa = PBXGroup;
			children = (
				DA59973014DC04C900BAEECE /* SMKDB-Prefix.pch */,
			);
			name = "Supporting Files";
			sourceTree = "<group>";
		};
		DA59974014DC04C900BAEECE /* SMKDBTests */ = {
			isa = PBXGroup;
			children = (
				DA59974614DC04C900BAEECE /* SMKDBTests.h */,
				DA59974714DC04C900BAEECE /* SMKDBTests.m */,
				DA4784BF14DFBB9800893259 /* TestDBInfo.h */,
				DA4784C014DFBB9800893259 /* TestDBInfo.m */,
				DA59974114DC04C900BAEECE /* Supporting Files */,
			);
			path = SMKDBTests;
			sourceTree = "<group>";
		};
		DA59974114DC04C900BAEECE /* Supporting Files */ = {
			isa = PBXGroup;
			children = (
				DAE8522314E2691F0038BC2B /* TestTableDDL_mysql.sql */,
				DAD38DC614E1356C00A7B581 /* TestTableDDL_postgres.sql */,
				DA4784C914DFC34F00893259 /* AddTestRecs.pl */,
				DA59974214DC04C900BAEECE /* SMKDBTests-Info.plist */,
				DA59974314DC04C900BAEECE /* InfoPlist.strings */,
				DA4784C814DFC2C300893259 /* TestTableDDL.sql */,
			);
			name = "Supporting Files";
			sourceTree = "<group>";
		};
		DA59976314DC08F100BAEECE /* Public Headers */ = {
			isa = PBXGroup;
			children = (
				DA59975214DC054100BAEECE /* SMKDB.h */,
				DA34FA9F14DE83350027B628 /* SMKDBConnMgr.h */,
				DA34FACD14DEA45F0027B628 /* SMKDBConnInfo.h */,
				DA59975314DC054100BAEECE /* SMKDBConn.h */,
				DA59975714DC054100BAEECE /* SMKDBResults.h */,
				DA34FAC914DE99D20027B628 /* SMKDBException.h */,
				DA6DE63114E28C49009D120F /* SMKDBGatherer.h */,
				DAEC20FE14E97B1D00732376 /* SMKDBNull.h */,
				DA66B4241532B98C00AC8A49 /* SMKDBInterval.h */,
			);
			name = "Public Headers";
			sourceTree = "<group>";
		};
/* End PBXGroup section */

/* Begin PBXHeadersBuildPhase section */
		DA59972314DC04C800BAEECE /* Headers */ = {
			isa = PBXHeadersBuildPhase;
			buildActionMask = 2147483647;
			files = (
				DA59975914DC054100BAEECE /* SMKDB_priv.h in Headers */,
				DA59975A14DC054100BAEECE /* SMKDB.h in Headers */,
				DA59975B14DC054100BAEECE /* SMKDBConn.h in Headers */,
				DA59975F14DC054100BAEECE /* SMKDBResults.h in Headers */,
				DA34FAA114DE83350027B628 /* SMKDBConnMgr.h in Headers */,
				DA34FAA614DE83800027B628 /* SMKDBConn_postgres.h in Headers */,
				DA34FAAA14DE83970027B628 /* SMKDBConn_mysql.h in Headers */,
				DA34FAAE14DE84530027B628 /* SMKDBResults_mysql.h in Headers */,
				DA34FAB214DE84660027B628 /* SMKDBResults_postgres.h in Headers */,
				DA34FACB14DE99D20027B628 /* SMKDBException.h in Headers */,
				DA34FACE14DEA45F0027B628 /* SMKDBConnInfo.h in Headers */,
				DA6DE63314E28C49009D120F /* SMKDBGatherer.h in Headers */,
				DA33A43714E67D450015C53F /* SMKDBTypeConv_postgres.h in Headers */,
				DAEC210014E97B1D00732376 /* SMKDBNull.h in Headers */,
				DA66B4261532B98C00AC8A49 /* SMKDBInterval.h in Headers */,
			);
			runOnlyForDeploymentPostprocessing = 0;
		};
/* End PBXHeadersBuildPhase section */

/* Begin PBXNativeTarget section */
		DA59972414DC04C800BAEECE /* SMKDB */ = {
			isa = PBXNativeTarget;
			buildConfigurationList = DA59974B14DC04C900BAEECE /* Build configuration list for PBXNativeTarget "SMKDB" */;
			buildPhases = (
				DA59972114DC04C800BAEECE /* Sources */,
				DA59972214DC04C800BAEECE /* Frameworks */,
				DA59972314DC04C800BAEECE /* Headers */,
			);
			buildRules = (
			);
			dependencies = (
			);
			name = SMKDB;
			productName = SMKDB;
			productReference = DA59972514DC04C800BAEECE /* libSMKDB.a */;
			productType = "com.apple.product-type.library.static";
		};
		DA59973814DC04C900BAEECE /* SMKDBTests */ = {
			isa = PBXNativeTarget;
			buildConfigurationList = DA59974E14DC04C900BAEECE /* Build configuration list for PBXNativeTarget "SMKDBTests" */;
			buildPhases = (
				DA59973414DC04C900BAEECE /* Sources */,
				DA59973514DC04C900BAEECE /* Frameworks */,
				DA59973614DC04C900BAEECE /* Resources */,
				DA59973714DC04C900BAEECE /* ShellScript */,
			);
			buildRules = (
			);
			dependencies = (
				DA59973E14DC04C900BAEECE /* PBXTargetDependency */,
			);
			name = SMKDBTests;
			productName = SMKDBTests;
			productReference = DA59973914DC04C900BAEECE /* SMKDBTests.octest */;
			productType = "com.apple.product-type.bundle";
		};
/* End PBXNativeTarget section */

/* Begin PBXProject section */
		DA59971C14DC04C800BAEECE /* Project object */ = {
			isa = PBXProject;
			attributes = {
				LastUpgradeCheck = 0440;
				ORGANIZATIONNAME = "Secure Media Keepers";
			};
			buildConfigurationList = DA59971F14DC04C800BAEECE /* Build configuration list for PBXProject "SMKDB" */;
			compatibilityVersion = "Xcode 3.2";
			developmentRegion = English;
			hasScannedForEncodings = 0;
			knownRegions = (
				en,
			);
			mainGroup = DA59971A14DC04C800BAEECE;
			productRefGroup = DA59972614DC04C800BAEECE /* Products */;
			projectDirPath = "";
			projectRoot = "";
			targets = (
				DA59972414DC04C800BAEECE /* SMKDB */,
				DA59973814DC04C900BAEECE /* SMKDBTests */,
			);
		};
/* End PBXProject section */

/* Begin PBXResourcesBuildPhase section */
		DA59973614DC04C900BAEECE /* Resources */ = {
			isa = PBXResourcesBuildPhase;
			buildActionMask = 2147483647;
			files = (
				DA59974514DC04C900BAEECE /* InfoPlist.strings in Resources */,
			);
			runOnlyForDeploymentPostprocessing = 0;
		};
/* End PBXResourcesBuildPhase section */

/* Begin PBXShellScriptBuildPhase section */
		DA59973714DC04C900BAEECE /* ShellScript */ = {
			isa = PBXShellScriptBuildPhase;
			buildActionMask = 2147483647;
			files = (
			);
			inputPaths = (
			);
			outputPaths = (
			);
			runOnlyForDeploymentPostprocessing = 0;
			shellPath = /bin/sh;
			shellScript = "# Run the unit tests in this test bundle.\n\"${SYSTEM_DEVELOPER_DIR}/Tools/RunUnitTests\"\n";
		};
/* End PBXShellScriptBuildPhase section */

/* Begin PBXSourcesBuildPhase section */
		DA59972114DC04C800BAEECE /* Sources */ = {
			isa = PBXSourcesBuildPhase;
			buildActionMask = 2147483647;
			files = (
				DA34FAA214DE83350027B628 /* SMKDBConnMgr.m in Sources */,
				DA34FAA714DE83800027B628 /* SMKDBConn_postgres.m in Sources */,
				DA34FAAB14DE83970027B628 /* SMKDBConn_mysql.m in Sources */,
				DA34FAAF14DE84530027B628 /* SMKDBResults_mysql.m in Sources */,
				DA34FAB314DE84660027B628 /* SMKDBResults_postgres.m in Sources */,
				DA34FACC14DE99D20027B628 /* SMKDBException.m in Sources */,
				DA6DE63414E28C49009D120F /* SMKDBGatherer.m in Sources */,
				DA33A43814E67D450015C53F /* SMKDBTypeConv_postgres.m in Sources */,
				DAEC210114E97B1D00732376 /* SMKDBNull.m in Sources */,
				DA66B4271532B98C00AC8A49 /* SMKDBInterval.m in Sources */,
			);
			runOnlyForDeploymentPostprocessing = 0;
		};
		DA59973414DC04C900BAEECE /* Sources */ = {
			isa = PBXSourcesBuildPhase;
			buildActionMask = 2147483647;
			files = (
				DA59974814DC04C900BAEECE /* SMKDBTests.m in Sources */,
				DA4784C714DFBF4200893259 /* TestDBInfo.m in Sources */,
			);
			runOnlyForDeploymentPostprocessing = 0;
		};
/* End PBXSourcesBuildPhase section */

/* Begin PBXTargetDependency section */
		DA59973E14DC04C900BAEECE /* PBXTargetDependency */ = {
			isa = PBXTargetDependency;
			target = DA59972414DC04C800BAEECE /* SMKDB */;
			targetProxy = DA59973D14DC04C900BAEECE /* PBXContainerItemProxy */;
		};
/* End PBXTargetDependency section */

/* Begin PBXVariantGroup section */
		DA59974314DC04C900BAEECE /* InfoPlist.strings */ = {
			isa = PBXVariantGroup;
			children = (
				DA59974414DC04C900BAEECE /* en */,
			);
			name = InfoPlist.strings;
			sourceTree = "<group>";
		};
/* End PBXVariantGroup section */

/* Begin XCBuildConfiguration section */
		DA59974914DC04C900BAEECE /* Debug */ = {
			isa = XCBuildConfiguration;
			buildSettings = {
				ALWAYS_SEARCH_USER_PATHS = NO;
				ARCHS = "$(ARCHS_STANDARD_64_BIT)";
				CLANG_ENABLE_OBJC_ARC = YES;
				CODE_SIGN_IDENTITY = "Mac Developer: Paul Houghton (X59TVVGRM4)";
				COMBINE_HIDPI_IMAGES = YES;
				COPY_PHASE_STRIP = NO;
				CURRENT_PROJECT_VERSION = 0.1;
				GCC_C_LANGUAGE_STANDARD = gnu99;
				GCC_DYNAMIC_NO_PIC = NO;
				GCC_ENABLE_OBJC_EXCEPTIONS = YES;
				GCC_OPTIMIZATION_LEVEL = 0;
				GCC_PREPROCESSOR_DEFINITIONS = (
					"DEBUG=1",
					"$(inherited)",
				);
				GCC_SYMBOLS_PRIVATE_EXTERN = NO;
				GCC_VERSION = com.apple.compilers.llvm.clang.1_0;
				GCC_WARN_64_TO_32_BIT_CONVERSION = YES;
				GCC_WARN_ABOUT_MISSING_PROTOTYPES = YES;
				GCC_WARN_ABOUT_RETURN_TYPE = YES;
				GCC_WARN_UNUSED_VARIABLE = YES;
				MACOSX_DEPLOYMENT_TARGET = 10.7;
				ONLY_ACTIVE_ARCH = YES;
				PROVISIONING_PROFILE = "ECBD3E89-5C82-4B72-8F8B-2DD5D54F3C08";
				SDKROOT = macosx;
				STRIP_INSTALLED_PRODUCT = NO;
				VERSIONING_SYSTEM = "apple-generic";
			};
			name = Debug;
		};
		DA59974A14DC04C900BAEECE /* Release */ = {
			isa = XCBuildConfiguration;
			buildSettings = {
				ALWAYS_SEARCH_USER_PATHS = NO;
				ARCHS = "$(ARCHS_STANDARD_64_BIT)";
				CLANG_ENABLE_OBJC_ARC = YES;
				CODE_SIGN_IDENTITY = "Mac Developer: Paul Houghton (X59TVVGRM4)";
				COMBINE_HIDPI_IMAGES = YES;
				COPY_PHASE_STRIP = NO;
				CURRENT_PROJECT_VERSION = 0.1;
				DEBUG_INFORMATION_FORMAT = "dwarf-with-dsym";
				GCC_C_LANGUAGE_STANDARD = gnu99;
				GCC_ENABLE_OBJC_EXCEPTIONS = YES;
				GCC_VERSION = com.apple.compilers.llvm.clang.1_0;
				GCC_WARN_64_TO_32_BIT_CONVERSION = YES;
				GCC_WARN_ABOUT_MISSING_PROTOTYPES = YES;
				GCC_WARN_ABOUT_RETURN_TYPE = YES;
				GCC_WARN_UNUSED_VARIABLE = YES;
				MACOSX_DEPLOYMENT_TARGET = 10.7;
				PROVISIONING_PROFILE = "ECBD3E89-5C82-4B72-8F8B-2DD5D54F3C08";
				SDKROOT = macosx;
				STRIP_INSTALLED_PRODUCT = NO;
				VERSIONING_SYSTEM = "apple-generic";
			};
			name = Release;
		};
		DA59974C14DC04C900BAEECE /* Debug */ = {
			isa = XCBuildConfiguration;
			buildSettings = {
				CODE_SIGN_IDENTITY = "Mac Developer: Paul Houghton (X59TVVGRM4)";
				GCC_ENABLE_OBJC_GC = unsupported;
				GCC_GENERATE_TEST_COVERAGE_FILES = NO;
				GCC_PRECOMPILE_PREFIX_HEADER = YES;
				GCC_PREFIX_HEADER = "SMKDB/SMKDB-Prefix.pch";
				HEADER_SEARCH_PATHS = (
					"$(TARGET_BUILD_DIR)/Support/include",
					/Support/include,
					/usr/local/mysql/include,
				);
				INSTALL_PATH = /Support/lib;
				LIBRARY_SEARCH_PATHS = (
					"\"$(SRCROOT)/../../../../lib\"",
					"\"/usr/local/mysql-5.5.19-osx10.6-x86_64/lib\"",
					/Support/lib,
				);
				OTHER_LDFLAGS = "";
				PRIVATE_HEADERS_FOLDER_PATH = /Support/include;
				PRODUCT_NAME = "$(TARGET_NAME)";
				PROVISIONING_PROFILE = "ECBD3E89-5C82-4B72-8F8B-2DD5D54F3C08";
				PUBLIC_HEADERS_FOLDER_PATH = /Support/include;
			};
			name = Debug;
		};
		DA59974D14DC04C900BAEECE /* Release */ = {
			isa = XCBuildConfiguration;
			buildSettings = {
				CODE_SIGN_IDENTITY = "Mac Developer: Paul Houghton (X59TVVGRM4)";
				GCC_ENABLE_OBJC_GC = unsupported;
				GCC_GENERATE_TEST_COVERAGE_FILES = NO;
				GCC_PRECOMPILE_PREFIX_HEADER = YES;
				GCC_PREFIX_HEADER = "SMKDB/SMKDB-Prefix.pch";
				HEADER_SEARCH_PATHS = (
					"$(TARGET_BUILD_DIR)/Support/include",
					/Support/include,
					/usr/local/mysql/include,
				);
				INSTALL_PATH = /Support/lib;
				LIBRARY_SEARCH_PATHS = (
					"\"$(SRCROOT)/../../../../lib\"",
					"\"/usr/local/mysql-5.5.19-osx10.6-x86_64/lib\"",
					/Support/lib,
				);
				OTHER_LDFLAGS = "";
				PRIVATE_HEADERS_FOLDER_PATH = /Support/include;
				PRODUCT_NAME = "$(TARGET_NAME)";
				PROVISIONING_PROFILE = "ECBD3E89-5C82-4B72-8F8B-2DD5D54F3C08";
				PUBLIC_HEADERS_FOLDER_PATH = /Support/include;
			};
			name = Release;
		};
		DA59974F14DC04C900BAEECE /* Debug */ = {
			isa = XCBuildConfiguration;
			buildSettings = {
				FRAMEWORK_SEARCH_PATHS = "$(DEVELOPER_LIBRARY_DIR)/Frameworks";
				GCC_ENABLE_OBJC_GC = unsupported;
				GCC_PRECOMPILE_PREFIX_HEADER = YES;
				GCC_PREFIX_HEADER = "SMKDB/SMKDB-Prefix.pch";
				HEADER_SEARCH_PATHS = /Support/include;
				INFOPLIST_FILE = "SMKDBTests/SMKDBTests-Info.plist";
				LIBRARY_SEARCH_PATHS = (
					"$(inherited)",
					"\"$(SRCROOT)/../../../../lib\"",
					/Support/lib,
				);
				PRODUCT_NAME = "$(TARGET_NAME)";
				WRAPPER_EXTENSION = octest;
			};
			name = Debug;
		};
		DA59975014DC04C900BAEECE /* Release */ = {
			isa = XCBuildConfiguration;
			buildSettings = {
				FRAMEWORK_SEARCH_PATHS = "$(DEVELOPER_LIBRARY_DIR)/Frameworks";
				GCC_ENABLE_OBJC_GC = unsupported;
				GCC_PRECOMPILE_PREFIX_HEADER = YES;
				GCC_PREFIX_HEADER = "SMKDB/SMKDB-Prefix.pch";
				HEADER_SEARCH_PATHS = /Support/include;
				INFOPLIST_FILE = "SMKDBTests/SMKDBTests-Info.plist";
				LIBRARY_SEARCH_PATHS = (
					"$(inherited)",
					"\"$(SRCROOT)/../../../../lib\"",
					/Support/lib,
				);
				PRODUCT_NAME = "$(TARGET_NAME)";
				WRAPPER_EXTENSION = octest;
			};
			name = Release;
		};
/* End XCBuildConfiguration section */

/* Begin XCConfigurationList section */
		DA59971F14DC04C800BAEECE /* Build configuration list for PBXProject "SMKDB" */ = {
			isa = XCConfigurationList;
			buildConfigurations = (
				DA59974914DC04C900BAEECE /* Debug */,
				DA59974A14DC04C900BAEECE /* Release */,
			);
			defaultConfigurationIsVisible = 0;
			defaultConfigurationName = Release;
		};
		DA59974B14DC04C900BAEECE /* Build configuration list for PBXNativeTarget "SMKDB" */ = {
			isa = XCConfigurationList;
			buildConfigurations = (
				DA59974C14DC04C900BAEECE /* Debug */,
				DA59974D14DC04C900BAEECE /* Release */,
			);
			defaultConfigurationIsVisible = 0;
			defaultConfigurationName = Release;
		};
		DA59974E14DC04C900BAEECE /* Build configuration list for PBXNativeTarget "SMKDBTests" */ = {
			isa = XCConfigurationList;
			buildConfigurations = (
				DA59974F14DC04C900BAEECE /* Debug */,
				DA59975014DC04C900BAEECE /* Release */,
			);
			defaultConfigurationIsVisible = 0;
			defaultConfigurationName = Release;
		};
/* End XCConfigurationList section */
	};
	rootObject = DA59971C14DC04C800BAEECE /* Project object */;
}
